// !$*UTF8*$!
{
	archiveVersion = 1;
	classes = {
	};
	objectVersion = 48;
	objects = {

/* Begin PBXBuildFile section */
		5CB262071DF8D29541BE0B3D /* Pods_htchhkr.framework in Frameworks */ = {isa = PBXBuildFile; fileRef = 6D01739A8D6E42845CA38513 /* Pods_htchhkr.framework */; };
		700FB5F01FECD8130054C524 /* AppDelegate.swift in Sources */ = {isa = PBXBuildFile; fileRef = 700FB5EF1FECD8130054C524 /* AppDelegate.swift */; };
		700FB5F21FECD8130054C524 /* HomeVC.swift in Sources */ = {isa = PBXBuildFile; fileRef = 700FB5F11FECD8130054C524 /* HomeVC.swift */; };
		700FB5F51FECD8130054C524 /* Main.storyboard in Resources */ = {isa = PBXBuildFile; fileRef = 700FB5F31FECD8130054C524 /* Main.storyboard */; };
		700FB5F71FECD8130054C524 /* Assets.xcassets in Resources */ = {isa = PBXBuildFile; fileRef = 700FB5F61FECD8130054C524 /* Assets.xcassets */; };
		700FB5FA1FECD8130054C524 /* LaunchScreen.storyboard in Resources */ = {isa = PBXBuildFile; fileRef = 700FB5F81FECD8130054C524 /* LaunchScreen.storyboard */; };
		703410D51FFB269C009402EE /* LeftSidePanelVC.swift in Sources */ = {isa = PBXBuildFile; fileRef = 703410D41FFB269C009402EE /* LeftSidePanelVC.swift */; };
		703410D71FFB2701009402EE /* ContainerVC.swift in Sources */ = {isa = PBXBuildFile; fileRef = 703410D61FFB2701009402EE /* ContainerVC.swift */; };
		703410DA1FFBAAED009402EE /* CenterVCDelegate.swift in Sources */ = {isa = PBXBuildFile; fileRef = 703410D91FFBAAED009402EE /* CenterVCDelegate.swift */; };
		703410DD1FFC7352009402EE /* UIViewExt.swift in Sources */ = {isa = PBXBuildFile; fileRef = 703410DC1FFC7352009402EE /* UIViewExt.swift */; };
		703410DF1FFC80E5009402EE /* LoginVC.swift in Sources */ = {isa = PBXBuildFile; fileRef = 703410DE1FFC80E5009402EE /* LoginVC.swift */; };
		704212D21FF89178004F0914 /* GradientView.swift in Sources */ = {isa = PBXBuildFile; fileRef = 704212D11FF89178004F0914 /* GradientView.swift */; };
		704212D41FF89C32004F0914 /* RoundImageView.swift in Sources */ = {isa = PBXBuildFile; fileRef = 704212D31FF89C32004F0914 /* RoundImageView.swift */; };
		704212D61FF8B67C004F0914 /* RoundedShadowView.swift in Sources */ = {isa = PBXBuildFile; fileRef = 704212D51FF8B67C004F0914 /* RoundedShadowView.swift */; };
		704212D81FF8B74C004F0914 /* CircleView.swift in Sources */ = {isa = PBXBuildFile; fileRef = 704212D71FF8B74C004F0914 /* CircleView.swift */; };
		704212DA1FF8B88B004F0914 /* RoundedShadowButton.swift in Sources */ = {isa = PBXBuildFile; fileRef = 704212D91FF8B88B004F0914 /* RoundedShadowButton.swift */; };
		706BEDAC20157C63007537FB /* UpdateService.swift in Sources */ = {isa = PBXBuildFile; fileRef = 706BEDAB20157C63007537FB /* UpdateService.swift */; };
		706BEDAE2015B32C007537FB /* DriverAnnotation.swift in Sources */ = {isa = PBXBuildFile; fileRef = 706BEDAD2015B32C007537FB /* DriverAnnotation.swift */; };
		706C09E71FFF500100E3DCC8 /* RoundedTextField.swift in Sources */ = {isa = PBXBuildFile; fileRef = 706C09E61FFF500100E3DCC8 /* RoundedTextField.swift */; };
		70C0B92820035E1A00449E3C /* GoogleService-Info.plist in Resources */ = {isa = PBXBuildFile; fileRef = 70C0B92720035E1A00449E3C /* GoogleService-Info.plist */; };
		70C0B92D20035F6C00449E3C /* DataService.swift in Sources */ = {isa = PBXBuildFile; fileRef = 70C0B92C20035F6C00449E3C /* DataService.swift */; };
		70C53743202FEEDE00380390 /* PassengerAnnotation.swift in Sources */ = {isa = PBXBuildFile; fileRef = 70C53742202FEEDD00380390 /* PassengerAnnotation.swift */; };
		70C537722033FDA400380390 /* UIViewControllerExt.swift in Sources */ = {isa = PBXBuildFile; fileRef = 70C537712033FDA300380390 /* UIViewControllerExt.swift */; };
		70C5377420353FFD00380390 /* Alertable.swift in Sources */ = {isa = PBXBuildFile; fileRef = 70C5377320353FFD00380390 /* Alertable.swift */; };
/* End PBXBuildFile section */

/* Begin PBXFileReference section */
		3C98C2FBE4CE18C11E5E9C20 /* Pods-htchhkr.debug.xcconfig */ = {isa = PBXFileReference; includeInIndex = 1; lastKnownFileType = text.xcconfig; name = "Pods-htchhkr.debug.xcconfig"; path = "Pods/Target Support Files/Pods-htchhkr/Pods-htchhkr.debug.xcconfig"; sourceTree = "<group>"; };
		6D01739A8D6E42845CA38513 /* Pods_htchhkr.framework */ = {isa = PBXFileReference; explicitFileType = wrapper.framework; includeInIndex = 0; path = Pods_htchhkr.framework; sourceTree = BUILT_PRODUCTS_DIR; };
		700FB5EC1FECD8130054C524 /* htchhkr.app */ = {isa = PBXFileReference; explicitFileType = wrapper.application; includeInIndex = 0; path = htchhkr.app; sourceTree = BUILT_PRODUCTS_DIR; };
		700FB5EF1FECD8130054C524 /* AppDelegate.swift */ = {isa = PBXFileReference; lastKnownFileType = sourcecode.swift; path = AppDelegate.swift; sourceTree = "<group>"; };
		700FB5F11FECD8130054C524 /* HomeVC.swift */ = {isa = PBXFileReference; lastKnownFileType = sourcecode.swift; path = HomeVC.swift; sourceTree = "<group>"; };
		700FB5F41FECD8130054C524 /* Base */ = {isa = PBXFileReference; lastKnownFileType = file.storyboard; name = Base; path = Base.lproj/Main.storyboard; sourceTree = "<group>"; };
		700FB5F61FECD8130054C524 /* Assets.xcassets */ = {isa = PBXFileReference; lastKnownFileType = folder.assetcatalog; path = Assets.xcassets; sourceTree = "<group>"; };
		700FB5F91FECD8130054C524 /* Base */ = {isa = PBXFileReference; lastKnownFileType = file.storyboard; name = Base; path = Base.lproj/LaunchScreen.storyboard; sourceTree = "<group>"; };
		700FB5FB1FECD8130054C524 /* Info.plist */ = {isa = PBXFileReference; lastKnownFileType = text.plist.xml; path = Info.plist; sourceTree = "<group>"; };
		703410D41FFB269C009402EE /* LeftSidePanelVC.swift */ = {isa = PBXFileReference; lastKnownFileType = sourcecode.swift; path = LeftSidePanelVC.swift; sourceTree = "<group>"; };
		703410D61FFB2701009402EE /* ContainerVC.swift */ = {isa = PBXFileReference; lastKnownFileType = sourcecode.swift; path = ContainerVC.swift; sourceTree = "<group>"; };
		703410D91FFBAAED009402EE /* CenterVCDelegate.swift */ = {isa = PBXFileReference; lastKnownFileType = sourcecode.swift; path = CenterVCDelegate.swift; sourceTree = "<group>"; };
		703410DC1FFC7352009402EE /* UIViewExt.swift */ = {isa = PBXFileReference; lastKnownFileType = sourcecode.swift; path = UIViewExt.swift; sourceTree = "<group>"; };
		703410DE1FFC80E5009402EE /* LoginVC.swift */ = {isa = PBXFileReference; lastKnownFileType = sourcecode.swift; path = LoginVC.swift; sourceTree = "<group>"; };
		704212D11FF89178004F0914 /* GradientView.swift */ = {isa = PBXFileReference; lastKnownFileType = sourcecode.swift; path = GradientView.swift; sourceTree = "<group>"; };
		704212D31FF89C32004F0914 /* RoundImageView.swift */ = {isa = PBXFileReference; lastKnownFileType = sourcecode.swift; path = RoundImageView.swift; sourceTree = "<group>"; };
		704212D51FF8B67C004F0914 /* RoundedShadowView.swift */ = {isa = PBXFileReference; lastKnownFileType = sourcecode.swift; path = RoundedShadowView.swift; sourceTree = "<group>"; };
		704212D71FF8B74C004F0914 /* CircleView.swift */ = {isa = PBXFileReference; lastKnownFileType = sourcecode.swift; path = CircleView.swift; sourceTree = "<group>"; };
		704212D91FF8B88B004F0914 /* RoundedShadowButton.swift */ = {isa = PBXFileReference; lastKnownFileType = sourcecode.swift; path = RoundedShadowButton.swift; sourceTree = "<group>"; };
		706BEDAB20157C63007537FB /* UpdateService.swift */ = {isa = PBXFileReference; lastKnownFileType = sourcecode.swift; path = UpdateService.swift; sourceTree = "<group>"; };
		706BEDAD2015B32C007537FB /* DriverAnnotation.swift */ = {isa = PBXFileReference; lastKnownFileType = sourcecode.swift; path = DriverAnnotation.swift; sourceTree = "<group>"; };
		706C09E61FFF500100E3DCC8 /* RoundedTextField.swift */ = {isa = PBXFileReference; lastKnownFileType = sourcecode.swift; path = RoundedTextField.swift; sourceTree = "<group>"; };
		70C0B92720035E1A00449E3C /* GoogleService-Info.plist */ = {isa = PBXFileReference; fileEncoding = 4; lastKnownFileType = text.plist.xml; path = "GoogleService-Info.plist"; sourceTree = "<group>"; };
		70C0B92C20035F6C00449E3C /* DataService.swift */ = {isa = PBXFileReference; lastKnownFileType = sourcecode.swift; path = DataService.swift; sourceTree = "<group>"; };
		70C53742202FEEDD00380390 /* PassengerAnnotation.swift */ = {isa = PBXFileReference; lastKnownFileType = sourcecode.swift; path = PassengerAnnotation.swift; sourceTree = "<group>"; };
		70C537712033FDA300380390 /* UIViewControllerExt.swift */ = {isa = PBXFileReference; lastKnownFileType = sourcecode.swift; path = UIViewControllerExt.swift; sourceTree = "<group>"; };
		70C5377320353FFD00380390 /* Alertable.swift */ = {isa = PBXFileReference; lastKnownFileType = sourcecode.swift; path = Alertable.swift; sourceTree = "<group>"; };
		F7EE41566737A0E30C10449D /* Pods-htchhkr.release.xcconfig */ = {isa = PBXFileReference; includeInIndex = 1; lastKnownFileType = text.xcconfig; name = "Pods-htchhkr.release.xcconfig"; path = "Pods/Target Support Files/Pods-htchhkr/Pods-htchhkr.release.xcconfig"; sourceTree = "<group>"; };
/* End PBXFileReference section */

/* Begin PBXFrameworksBuildPhase section */
		700FB5E91FECD8130054C524 /* Frameworks */ = {
			isa = PBXFrameworksBuildPhase;
			buildActionMask = 2147483647;
			files = (
				5CB262071DF8D29541BE0B3D /* Pods_htchhkr.framework in Frameworks */,
			);
			runOnlyForDeploymentPostprocessing = 0;
		};
/* End PBXFrameworksBuildPhase section */

/* Begin PBXGroup section */
		700FB5E31FECD8130054C524 = {
			isa = PBXGroup;
			children = (
				700FB5EE1FECD8130054C524 /* htchhkr */,
				700FB5ED1FECD8130054C524 /* Products */,
				C94FEA5528180AF1E12C2DC0 /* Pods */,
				9327224CE8D1837BB1E7E66D /* Frameworks */,
			);
			sourceTree = "<group>";
		};
		700FB5ED1FECD8130054C524 /* Products */ = {
			isa = PBXGroup;
			children = (
				700FB5EC1FECD8130054C524 /* htchhkr.app */,
			);
			name = Products;
			sourceTree = "<group>";
		};
		700FB5EE1FECD8130054C524 /* htchhkr */ = {
			isa = PBXGroup;
			children = (
				70C0B92920035F5000449E3C /* Services */,
				703410DB1FFC7340009402EE /* Extensions */,
				703410D81FFBAAD7009402EE /* Protocols */,
				704212CF1FF8915B004F0914 /* Model */,
				704212D01FF89163004F0914 /* View */,
				704212CE1FF89150004F0914 /* Controller */,
				700FB5EF1FECD8130054C524 /* AppDelegate.swift */,
				700FB5F31FECD8130054C524 /* Main.storyboard */,
				700FB5F61FECD8130054C524 /* Assets.xcassets */,
				700FB5F81FECD8130054C524 /* LaunchScreen.storyboard */,
				700FB5FB1FECD8130054C524 /* Info.plist */,
				70C0B92720035E1A00449E3C /* GoogleService-Info.plist */,
			);
			path = htchhkr;
			sourceTree = "<group>";
		};
		703410D81FFBAAD7009402EE /* Protocols */ = {
			isa = PBXGroup;
			children = (
				703410D91FFBAAED009402EE /* CenterVCDelegate.swift */,
				70C5377320353FFD00380390 /* Alertable.swift */,
			);
			path = Protocols;
			sourceTree = "<group>";
		};
		703410DB1FFC7340009402EE /* Extensions */ = {
			isa = PBXGroup;
			children = (
				703410DC1FFC7352009402EE /* UIViewExt.swift */,
				70C537712033FDA300380390 /* UIViewControllerExt.swift */,
			);
			path = Extensions;
			sourceTree = "<group>";
		};
		704212CE1FF89150004F0914 /* Controller */ = {
			isa = PBXGroup;
			children = (
				700FB5F11FECD8130054C524 /* HomeVC.swift */,
				703410D41FFB269C009402EE /* LeftSidePanelVC.swift */,
				703410D61FFB2701009402EE /* ContainerVC.swift */,
				703410DE1FFC80E5009402EE /* LoginVC.swift */,
			);
			path = Controller;
			sourceTree = "<group>";
		};
		704212CF1FF8915B004F0914 /* Model */ = {
			isa = PBXGroup;
			children = (
			);
			path = Model;
			sourceTree = "<group>";
		};
		704212D01FF89163004F0914 /* View */ = {
			isa = PBXGroup;
			children = (
				704212D11FF89178004F0914 /* GradientView.swift */,
				704212D31FF89C32004F0914 /* RoundImageView.swift */,
				704212D51FF8B67C004F0914 /* RoundedShadowView.swift */,
				704212D71FF8B74C004F0914 /* CircleView.swift */,
				704212D91FF8B88B004F0914 /* RoundedShadowButton.swift */,
				706C09E61FFF500100E3DCC8 /* RoundedTextField.swift */,
				706BEDAD2015B32C007537FB /* DriverAnnotation.swift */,
				70C53742202FEEDD00380390 /* PassengerAnnotation.swift */,
			);
			path = View;
			sourceTree = "<group>";
		};
		70C0B92920035F5000449E3C /* Services */ = {
			isa = PBXGroup;
			children = (
				70C0B92C20035F6C00449E3C /* DataService.swift */,
				706BEDAB20157C63007537FB /* UpdateService.swift */,
			);
			path = Services;
			sourceTree = "<group>";
		};
		9327224CE8D1837BB1E7E66D /* Frameworks */ = {
			isa = PBXGroup;
			children = (
				6D01739A8D6E42845CA38513 /* Pods_htchhkr.framework */,
			);
			name = Frameworks;
			sourceTree = "<group>";
		};
		C94FEA5528180AF1E12C2DC0 /* Pods */ = {
			isa = PBXGroup;
			children = (
				3C98C2FBE4CE18C11E5E9C20 /* Pods-htchhkr.debug.xcconfig */,
				F7EE41566737A0E30C10449D /* Pods-htchhkr.release.xcconfig */,
			);
			name = Pods;
			sourceTree = "<group>";
		};
/* End PBXGroup section */

/* Begin PBXNativeTarget section */
		700FB5EB1FECD8130054C524 /* htchhkr */ = {
			isa = PBXNativeTarget;
			buildConfigurationList = 700FB5FE1FECD8130054C524 /* Build configuration list for PBXNativeTarget "htchhkr" */;
			buildPhases = (
				1909AD3D6B834902C13400C6 /* [CP] Check Pods Manifest.lock */,
				700FB5E81FECD8130054C524 /* Sources */,
				700FB5E91FECD8130054C524 /* Frameworks */,
				700FB5EA1FECD8130054C524 /* Resources */,
				927EC152CEBCB6E45E585A42 /* [CP] Embed Pods Frameworks */,
				A7CD3262B776E859F45FDB19 /* [CP] Copy Pods Resources */,
			);
			buildRules = (
			);
			dependencies = (
			);
			name = htchhkr;
			productName = htchhkr;
			productReference = 700FB5EC1FECD8130054C524 /* htchhkr.app */;
			productType = "com.apple.product-type.application";
		};
/* End PBXNativeTarget section */

/* Begin PBXProject section */
		700FB5E41FECD8130054C524 /* Project object */ = {
			isa = PBXProject;
			attributes = {
				LastSwiftUpdateCheck = 0910;
				LastUpgradeCheck = 0910;
				ORGANIZATIONNAME = "Seungho Yang";
				TargetAttributes = {
					700FB5EB1FECD8130054C524 = {
						CreatedOnToolsVersion = 9.1;
						ProvisioningStyle = Automatic;
					};
				};
			};
			buildConfigurationList = 700FB5E71FECD8130054C524 /* Build configuration list for PBXProject "htchhkr" */;
			compatibilityVersion = "Xcode 8.0";
			developmentRegion = en;
			hasScannedForEncodings = 0;
			knownRegions = (
				en,
				Base,
			);
			mainGroup = 700FB5E31FECD8130054C524;
			productRefGroup = 700FB5ED1FECD8130054C524 /* Products */;
			projectDirPath = "";
			projectRoot = "";
			targets = (
				700FB5EB1FECD8130054C524 /* htchhkr */,
			);
		};
/* End PBXProject section */

/* Begin PBXResourcesBuildPhase section */
		700FB5EA1FECD8130054C524 /* Resources */ = {
			isa = PBXResourcesBuildPhase;
			buildActionMask = 2147483647;
			files = (
				700FB5FA1FECD8130054C524 /* LaunchScreen.storyboard in Resources */,
				70C0B92820035E1A00449E3C /* GoogleService-Info.plist in Resources */,
				700FB5F71FECD8130054C524 /* Assets.xcassets in Resources */,
				700FB5F51FECD8130054C524 /* Main.storyboard in Resources */,
			);
			runOnlyForDeploymentPostprocessing = 0;
		};
/* End PBXResourcesBuildPhase section */

/* Begin PBXShellScriptBuildPhase section */
		1909AD3D6B834902C13400C6 /* [CP] Check Pods Manifest.lock */ = {
			isa = PBXShellScriptBuildPhase;
			buildActionMask = 2147483647;
			files = (
			);
			inputPaths = (
				"${PODS_PODFILE_DIR_PATH}/Podfile.lock",
				"${PODS_ROOT}/Manifest.lock",
			);
			name = "[CP] Check Pods Manifest.lock";
			outputPaths = (
				"$(DERIVED_FILE_DIR)/Pods-htchhkr-checkManifestLockResult.txt",
			);
			runOnlyForDeploymentPostprocessing = 0;
			shellPath = /bin/sh;
			shellScript = "diff \"${PODS_PODFILE_DIR_PATH}/Podfile.lock\" \"${PODS_ROOT}/Manifest.lock\" > /dev/null\nif [ $? != 0 ] ; then\n    # print error to STDERR\n    echo \"error: The sandbox is not in sync with the Podfile.lock. Run 'pod install' or update your CocoaPods installation.\" >&2\n    exit 1\nfi\n# This output is used by Xcode 'outputs' to avoid re-running this script phase.\necho \"SUCCESS\" > \"${SCRIPT_OUTPUT_FILE_0}\"\n";
			showEnvVarsInLog = 0;
		};
		927EC152CEBCB6E45E585A42 /* [CP] Embed Pods Frameworks */ = {
			isa = PBXShellScriptBuildPhase;
			buildActionMask = 2147483647;
			files = (
			);
			inputPaths = (
				"${SRCROOT}/Pods/Target Support Files/Pods-htchhkr/Pods-htchhkr-frameworks.sh",
				"${BUILT_PRODUCTS_DIR}/GTMSessionFetcher/GTMSessionFetcher.framework",
				"${BUILT_PRODUCTS_DIR}/GoogleToolboxForMac/GoogleToolboxForMac.framework",
				"${BUILT_PRODUCTS_DIR}/RevealingSplashView/RevealingSplashView.framework",
				"${BUILT_PRODUCTS_DIR}/leveldb-library/leveldb.framework",
				"${BUILT_PRODUCTS_DIR}/nanopb/nanopb.framework",
			);
			name = "[CP] Embed Pods Frameworks";
			outputPaths = (
				"${TARGET_BUILD_DIR}/${FRAMEWORKS_FOLDER_PATH}/GTMSessionFetcher.framework",
				"${TARGET_BUILD_DIR}/${FRAMEWORKS_FOLDER_PATH}/GoogleToolboxForMac.framework",
				"${TARGET_BUILD_DIR}/${FRAMEWORKS_FOLDER_PATH}/RevealingSplashView.framework",
				"${TARGET_BUILD_DIR}/${FRAMEWORKS_FOLDER_PATH}/leveldb.framework",
				"${TARGET_BUILD_DIR}/${FRAMEWORKS_FOLDER_PATH}/nanopb.framework",
			);
			runOnlyForDeploymentPostprocessing = 0;
			shellPath = /bin/sh;
			shellScript = "\"${SRCROOT}/Pods/Target Support Files/Pods-htchhkr/Pods-htchhkr-frameworks.sh\"\n";
			showEnvVarsInLog = 0;
		};
		A7CD3262B776E859F45FDB19 /* [CP] Copy Pods Resources */ = {
			isa = PBXShellScriptBuildPhase;
			buildActionMask = 2147483647;
			files = (
			);
			inputPaths = (
			);
			name = "[CP] Copy Pods Resources";
			outputPaths = (
			);
			runOnlyForDeploymentPostprocessing = 0;
			shellPath = /bin/sh;
			shellScript = "\"${SRCROOT}/Pods/Target Support Files/Pods-htchhkr/Pods-htchhkr-resources.sh\"\n";
			showEnvVarsInLog = 0;
		};
/* End PBXShellScriptBuildPhase section */

/* Begin PBXSourcesBuildPhase section */
		700FB5E81FECD8130054C524 /* Sources */ = {
			isa = PBXSourcesBuildPhase;
			buildActionMask = 2147483647;
			files = (
				703410DA1FFBAAED009402EE /* CenterVCDelegate.swift in Sources */,
				70C0B92D20035F6C00449E3C /* DataService.swift in Sources */,
				70C537722033FDA400380390 /* UIViewControllerExt.swift in Sources */,
				704212DA1FF8B88B004F0914 /* RoundedShadowButton.swift in Sources */,
				703410DF1FFC80E5009402EE /* LoginVC.swift in Sources */,
				706C09E71FFF500100E3DCC8 /* RoundedTextField.swift in Sources */,
				703410D51FFB269C009402EE /* LeftSidePanelVC.swift in Sources */,
				704212D81FF8B74C004F0914 /* CircleView.swift in Sources */,
				70C53743202FEEDE00380390 /* PassengerAnnotation.swift in Sources */,
				703410D71FFB2701009402EE /* ContainerVC.swift in Sources */,
				706BEDAE2015B32C007537FB /* DriverAnnotation.swift in Sources */,
				70C5377420353FFD00380390 /* Alertable.swift in Sources */,
				703410DD1FFC7352009402EE /* UIViewExt.swift in Sources */,
				706BEDAC20157C63007537FB /* UpdateService.swift in Sources */,
				700FB5F21FECD8130054C524 /* HomeVC.swift in Sources */,
				704212D41FF89C32004F0914 /* RoundImageView.swift in Sources */,
				704212D61FF8B67C004F0914 /* RoundedShadowView.swift in Sources */,
				700FB5F01FECD8130054C524 /* AppDelegate.swift in Sources */,
				704212D21FF89178004F0914 /* GradientView.swift in Sources */,
			);
			runOnlyForDeploymentPostprocessing = 0;
		};
/* End PBXSourcesBuildPhase section */

/* Begin PBXVariantGroup section */
		700FB5F31FECD8130054C524 /* Main.storyboard */ = {
			isa = PBXVariantGroup;
			children = (
				700FB5F41FECD8130054C524 /* Base */,
			);
			name = Main.storyboard;
			sourceTree = "<group>";
		};
		700FB5F81FECD8130054C524 /* LaunchScreen.storyboard */ = {
			isa = PBXVariantGroup;
			children = (
				700FB5F91FECD8130054C524 /* Base */,
			);
			name = LaunchScreen.storyboard;
			sourceTree = "<group>";
		};
/* End PBXVariantGroup section */

/* Begin XCBuildConfiguration section */
		700FB5FC1FECD8130054C524 /* Debug */ = {
			isa = XCBuildConfiguration;
			buildSettings = {
				ALWAYS_SEARCH_USER_PATHS = NO;
				CLANG_ANALYZER_NONNULL = YES;
				CLANG_ANALYZER_NUMBER_OBJECT_CONVERSION = YES_AGGRESSIVE;
				CLANG_CXX_LANGUAGE_STANDARD = "gnu++14";
				CLANG_CXX_LIBRARY = "libc++";
				CLANG_ENABLE_MODULES = YES;
				CLANG_ENABLE_OBJC_ARC = YES;
				CLANG_WARN_BLOCK_CAPTURE_AUTORELEASING = YES;
				CLANG_WARN_BOOL_CONVERSION = YES;
				CLANG_WARN_COMMA = YES;
				CLANG_WARN_CONSTANT_CONVERSION = YES;
				CLANG_WARN_DIRECT_OBJC_ISA_USAGE = YES_ERROR;
				CLANG_WARN_DOCUMENTATION_COMMENTS = YES;
				CLANG_WARN_EMPTY_BODY = YES;
				CLANG_WARN_ENUM_CONVERSION = YES;
				CLANG_WARN_INFINITE_RECURSION = YES;
				CLANG_WARN_INT_CONVERSION = YES;
				CLANG_WARN_NON_LITERAL_NULL_CONVERSION = YES;
				CLANG_WARN_OBJC_LITERAL_CONVERSION = YES;
				CLANG_WARN_OBJC_ROOT_CLASS = YES_ERROR;
				CLANG_WARN_RANGE_LOOP_ANALYSIS = YES;
				CLANG_WARN_STRICT_PROTOTYPES = YES;
				CLANG_WARN_SUSPICIOUS_MOVE = YES;
				CLANG_WARN_UNGUARDED_AVAILABILITY = YES_AGGRESSIVE;
				CLANG_WARN_UNREACHABLE_CODE = YES;
				CLANG_WARN__DUPLICATE_METHOD_MATCH = YES;
				CODE_SIGN_IDENTITY = "iPhone Developer";
				COPY_PHASE_STRIP = NO;
				DEBUG_INFORMATION_FORMAT = dwarf;
				ENABLE_STRICT_OBJC_MSGSEND = YES;
				ENABLE_TESTABILITY = YES;
				GCC_C_LANGUAGE_STANDARD = gnu11;
				GCC_DYNAMIC_NO_PIC = NO;
				GCC_NO_COMMON_BLOCKS = YES;
				GCC_OPTIMIZATION_LEVEL = 0;
				GCC_PREPROCESSOR_DEFINITIONS = (
					"DEBUG=1",
					"$(inherited)",
				);
				GCC_WARN_64_TO_32_BIT_CONVERSION = YES;
				GCC_WARN_ABOUT_RETURN_TYPE = YES_ERROR;
				GCC_WARN_UNDECLARED_SELECTOR = YES;
				GCC_WARN_UNINITIALIZED_AUTOS = YES_AGGRESSIVE;
				GCC_WARN_UNUSED_FUNCTION = YES;
				GCC_WARN_UNUSED_VARIABLE = YES;
				IPHONEOS_DEPLOYMENT_TARGET = 11.1;
				MTL_ENABLE_DEBUG_INFO = YES;
				ONLY_ACTIVE_ARCH = YES;
				SDKROOT = iphoneos;
				SWIFT_ACTIVE_COMPILATION_CONDITIONS = DEBUG;
				SWIFT_OPTIMIZATION_LEVEL = "-Onone";
			};
			name = Debug;
		};
		700FB5FD1FECD8130054C524 /* Release */ = {
			isa = XCBuildConfiguration;
			buildSettings = {
				ALWAYS_SEARCH_USER_PATHS = NO;
				CLANG_ANALYZER_NONNULL = YES;
				CLANG_ANALYZER_NUMBER_OBJECT_CONVERSION = YES_AGGRESSIVE;
				CLANG_CXX_LANGUAGE_STANDARD = "gnu++14";
				CLANG_CXX_LIBRARY = "libc++";
				CLANG_ENABLE_MODULES = YES;
				CLANG_ENABLE_OBJC_ARC = YES;
				CLANG_WARN_BLOCK_CAPTURE_AUTORELEASING = YES;
				CLANG_WARN_BOOL_CONVERSION = YES;
				CLANG_WARN_COMMA = YES;
				CLANG_WARN_CONSTANT_CONVERSION = YES;
				CLANG_WARN_DIRECT_OBJC_ISA_USAGE = YES_ERROR;
				CLANG_WARN_DOCUMENTATION_COMMENTS = YES;
				CLANG_WARN_EMPTY_BODY = YES;
				CLANG_WARN_ENUM_CONVERSION = YES;
				CLANG_WARN_INFINITE_RECURSION = YES;
				CLANG_WARN_INT_CONVERSION = YES;
				CLANG_WARN_NON_LITERAL_NULL_CONVERSION = YES;
				CLANG_WARN_OBJC_LITERAL_CONVERSION = YES;
				CLANG_WARN_OBJC_ROOT_CLASS = YES_ERROR;
				CLANG_WARN_RANGE_LOOP_ANALYSIS = YES;
				CLANG_WARN_STRICT_PROTOTYPES = YES;
				CLANG_WARN_SUSPICIOUS_MOVE = YES;
				CLANG_WARN_UNGUARDED_AVAILABILITY = YES_AGGRESSIVE;
				CLANG_WARN_UNREACHABLE_CODE = YES;
				CLANG_WARN__DUPLICATE_METHOD_MATCH = YES;
				CODE_SIGN_IDENTITY = "iPhone Developer";
				COPY_PHASE_STRIP = NO;
				DEBUG_INFORMATION_FORMAT = "dwarf-with-dsym";
				ENABLE_NS_ASSERTIONS = NO;
				ENABLE_STRICT_OBJC_MSGSEND = YES;
				GCC_C_LANGUAGE_STANDARD = gnu11;
				GCC_NO_COMMON_BLOCKS = YES;
				GCC_WARN_64_TO_32_BIT_CONVERSION = YES;
				GCC_WARN_ABOUT_RETURN_TYPE = YES_ERROR;
				GCC_WARN_UNDECLARED_SELECTOR = YES;
				GCC_WARN_UNINITIALIZED_AUTOS = YES_AGGRESSIVE;
				GCC_WARN_UNUSED_FUNCTION = YES;
				GCC_WARN_UNUSED_VARIABLE = YES;
				IPHONEOS_DEPLOYMENT_TARGET = 11.1;
				MTL_ENABLE_DEBUG_INFO = NO;
				SDKROOT = iphoneos;
				SWIFT_OPTIMIZATION_LEVEL = "-Owholemodule";
				VALIDATE_PRODUCT = YES;
			};
			name = Release;
		};
		700FB5FF1FECD8130054C524 /* Debug */ = {
			isa = XCBuildConfiguration;
			baseConfigurationReference = 3C98C2FBE4CE18C11E5E9C20 /* Pods-htchhkr.debug.xcconfig */;
			buildSettings = {
				ASSETCATALOG_COMPILER_APPICON_NAME = AppIcon;
				CODE_SIGN_STYLE = Automatic;
				DEVELOPMENT_TEAM = Q8E7YDS3EB;
				INFOPLIST_FILE = htchhkr/Info.plist;
				LD_RUNPATH_SEARCH_PATHS = "$(inherited) @executable_path/Frameworks";
				PRODUCT_BUNDLE_IDENTIFIER = com.SeunghoYang.htchhkr;
				PRODUCT_NAME = "$(TARGET_NAME)";
				SWIFT_VERSION = 4.0;
				TARGETED_DEVICE_FAMILY = "1,2";
			};
			name = Debug;
		};
		700FB6001FECD8130054C524 /* Release */ = {
			isa = XCBuildConfiguration;
			baseConfigurationReference = F7EE41566737A0E30C10449D /* Pods-htchhkr.release.xcconfig */;
			buildSettings = {
				ASSETCATALOG_COMPILER_APPICON_NAME = AppIcon;
				CODE_SIGN_STYLE = Automatic;
				DEVELOPMENT_TEAM = Q8E7YDS3EB;
				INFOPLIST_FILE = htchhkr/Info.plist;
				LD_RUNPATH_SEARCH_PATHS = "$(inherited) @executable_path/Frameworks";
				PRODUCT_BUNDLE_IDENTIFIER = com.SeunghoYang.htchhkr;
				PRODUCT_NAME = "$(TARGET_NAME)";
				SWIFT_VERSION = 4.0;
				TARGETED_DEVICE_FAMILY = "1,2";
			};
			name = Release;
		};
/* End XCBuildConfiguration section */

/* Begin XCConfigurationList section */
		700FB5E71FECD8130054C524 /* Build configuration list for PBXProject "htchhkr" */ = {
			isa = XCConfigurationList;
			buildConfigurations = (
				700FB5FC1FECD8130054C524 /* Debug */,
				700FB5FD1FECD8130054C524 /* Release */,
			);
			defaultConfigurationIsVisible = 0;
			defaultConfigurationName = Release;
		};
		700FB5FE1FECD8130054C524 /* Build configuration list for PBXNativeTarget "htchhkr" */ = {
			isa = XCConfigurationList;
			buildConfigurations = (
				700FB5FF1FECD8130054C524 /* Debug */,
				700FB6001FECD8130054C524 /* Release */,
			);
			defaultConfigurationIsVisible = 0;
			defaultConfigurationName = Release;
		};
/* End XCConfigurationList section */
	};
	rootObject = 700FB5E41FECD8130054C524 /* Project object */;
}
